
Microsoft Visual Studio Solution File, Format Version 12.00
# Visual Studio Version 16
VisualStudioVersion = 16.0.29905.134
MinimumVisualStudioVersion = 10.0.40219.1
Project("{9A19103F-16F7-4668-BE54-9A1E7A4F7556}") = "EShopSolution.WebApp", "EShopSolution.WebApp\EShopSolution.WebApp.csproj", "{ADDF4E5F-589D-4909-89DA-367CBDA005F9}"
EndProject
Project("{2150E333-8FDC-42A3-9474-1A3956D46DE8}") = "Solution Items", "Solution Items", "{287E8CB8-A0C1-40B7-859F-9B0C06FEE804}"
	ProjectSection(SolutionItems) = preProject
		README.md = README.md
	EndProjectSection
EndProject
Project("{FAE04EC0-301F-11D3-BF4B-00C04F79EFBC}") = "eShopSolution.Data", "eShopSolution.Data\eShopSolution.Data.csproj", "{F31169AB-002E-4CE6-937D-AA333E3F0178}"
EndProject
Project("{FAE04EC0-301F-11D3-BF4B-00C04F79EFBC}") = "eShopSolution.Application", "eShopSolution.Application\eShopSolution.Application.csproj", "{513BECAE-A321-4C74-B5B8-0A0B77163019}"
EndProject
Global
	GlobalSection(SolutionConfigurationPlatforms) = preSolution
		Debug|Any CPU = Debug|Any CPU
		Release|Any CPU = Release|Any CPU
	EndGlobalSection
	GlobalSection(ProjectConfigurationPlatforms) = postSolution
		{ADDF4E5F-589D-4909-89DA-367CBDA005F9}.Debug|Any CPU.ActiveCfg = Debug|Any CPU
		{ADDF4E5F-589D-4909-89DA-367CBDA005F9}.Debug|Any CPU.Build.0 = Debug|Any CPU
		{ADDF4E5F-589D-4909-89DA-367CBDA005F9}.Release|Any CPU.ActiveCfg = Release|Any CPU
		{ADDF4E5F-589D-4909-89DA-367CBDA005F9}.Release|Any CPU.Build.0 = Release|Any CPU
		{F31169AB-002E-4CE6-937D-AA333E3F0178}.Debug|Any CPU.ActiveCfg = Debug|Any CPU
		{F31169AB-002E-4CE6-937D-AA333E3F0178}.Debug|Any CPU.Build.0 = Debug|Any CPU
		{F31169AB-002E-4CE6-937D-AA333E3F0178}.Release|Any CPU.ActiveCfg = Release|Any CPU
		{F31169AB-002E-4CE6-937D-AA333E3F0178}.Release|Any CPU.Build.0 = Release|Any CPU
		{513BECAE-A321-4C74-B5B8-0A0B77163019}.Debug|Any CPU.ActiveCfg = Debug|Any CPU
		{513BECAE-A321-4C74-B5B8-0A0B77163019}.Debug|Any CPU.Build.0 = Debug|Any CPU
		{513BECAE-A321-4C74-B5B8-0A0B77163019}.Release|Any CPU.ActiveCfg = Release|Any CPU
		{513BECAE-A321-4C74-B5B8-0A0B77163019}.Release|Any CPU.Build.0 = Release|Any CPU
	EndGlobalSection
	GlobalSection(SolutionProperties) = preSolution
		HideSolutionNode = FALSE
	EndGlobalSection
	GlobalSection(ExtensibilityGlobals) = postSolution
		SolutionGuid = {037E9DCD-99AE-43FD-A2CF-77745063D9D8}
	EndGlobalSection
EndGlobal
